// !$*UTF8*$!
{
	archiveVersion = 1;
	classes = {
	};
	objectVersion = 46;
	objects = {

/* Begin PBXBuildFile section */
		8837BD231DE2EE6000DEAA6A /* AppDelegate.swift in Sources */ = {isa = PBXBuildFile; fileRef = 8837BD221DE2EE6000DEAA6A /* AppDelegate.swift */; };
		8837BD2A1DE2EE6000DEAA6A /* Main.storyboard in Resources */ = {isa = PBXBuildFile; fileRef = 8837BD281DE2EE6000DEAA6A /* Main.storyboard */; };
		8837BD2C1DE2EE6000DEAA6A /* Assets.xcassets in Resources */ = {isa = PBXBuildFile; fileRef = 8837BD2B1DE2EE6000DEAA6A /* Assets.xcassets */; };
		8837BD2F1DE2EE6000DEAA6A /* LaunchScreen.storyboard in Resources */ = {isa = PBXBuildFile; fileRef = 8837BD2D1DE2EE6000DEAA6A /* LaunchScreen.storyboard */; };
		8837BD3A1DE2EE6100DEAA6A /* CarnetNotesTests.swift in Sources */ = {isa = PBXBuildFile; fileRef = 8837BD391DE2EE6100DEAA6A /* CarnetNotesTests.swift */; };
		8837BD451DE2EE6100DEAA6A /* CarnetNotesUITests.swift in Sources */ = {isa = PBXBuildFile; fileRef = 8837BD441DE2EE6100DEAA6A /* CarnetNotesUITests.swift */; };
		8837BD531DE2FF1D00DEAA6A /* AcademicsTableViewController.swift in Sources */ = {isa = PBXBuildFile; fileRef = 8837BD521DE2FF1D00DEAA6A /* AcademicsTableViewController.swift */; };
		8837BD541DE2FF1D00DEAA6A /* AcademicsTableViewController.swift in Sources */ = {isa = PBXBuildFile; fileRef = 8837BD521DE2FF1D00DEAA6A /* AcademicsTableViewController.swift */; };
		8837BD551DE2FF1D00DEAA6A /* AcademicsTableViewController.swift in Sources */ = {isa = PBXBuildFile; fileRef = 8837BD521DE2FF1D00DEAA6A /* AcademicsTableViewController.swift */; };
		8837BD571DE305A000DEAA6A /* NewAcademicViewController.swift in Sources */ = {isa = PBXBuildFile; fileRef = 8837BD561DE305A000DEAA6A /* NewAcademicViewController.swift */; };
		8837BD581DE305A000DEAA6A /* NewAcademicViewController.swift in Sources */ = {isa = PBXBuildFile; fileRef = 8837BD561DE305A000DEAA6A /* NewAcademicViewController.swift */; };
		8837BD591DE305A000DEAA6A /* NewAcademicViewController.swift in Sources */ = {isa = PBXBuildFile; fileRef = 8837BD561DE305A000DEAA6A /* NewAcademicViewController.swift */; };
		8837BD6F1DE5498D00DEAA6A /* Academic.swift in Sources */ = {isa = PBXBuildFile; fileRef = 8837BD6E1DE5498D00DEAA6A /* Academic.swift */; };
		8837BD701DE5498D00DEAA6A /* Academic.swift in Sources */ = {isa = PBXBuildFile; fileRef = 8837BD6E1DE5498D00DEAA6A /* Academic.swift */; };
		8837BD711DE5498D00DEAA6A /* Academic.swift in Sources */ = {isa = PBXBuildFile; fileRef = 8837BD6E1DE5498D00DEAA6A /* Academic.swift */; };
		8837BD771DE5543200DEAA6A /* TestsTableViewController.swift in Sources */ = {isa = PBXBuildFile; fileRef = 8837BD761DE5543200DEAA6A /* TestsTableViewController.swift */; };
		8837BD781DE5543200DEAA6A /* TestsTableViewController.swift in Sources */ = {isa = PBXBuildFile; fileRef = 8837BD761DE5543200DEAA6A /* TestsTableViewController.swift */; };
		8837BD791DE5543200DEAA6A /* TestsTableViewController.swift in Sources */ = {isa = PBXBuildFile; fileRef = 8837BD761DE5543200DEAA6A /* TestsTableViewController.swift */; };
		8837BD7B1DE5987000DEAA6A /* Test.swift in Sources */ = {isa = PBXBuildFile; fileRef = 8837BD7A1DE5987000DEAA6A /* Test.swift */; };
		8837BD7C1DE5987000DEAA6A /* Test.swift in Sources */ = {isa = PBXBuildFile; fileRef = 8837BD7A1DE5987000DEAA6A /* Test.swift */; };
		8837BD7D1DE5987000DEAA6A /* Test.swift in Sources */ = {isa = PBXBuildFile; fileRef = 8837BD7A1DE5987000DEAA6A /* Test.swift */; };
/* End PBXBuildFile section */

/* Begin PBXContainerItemProxy section */
		8837BD361DE2EE6100DEAA6A /* PBXContainerItemProxy */ = {
			isa = PBXContainerItemProxy;
			containerPortal = 8837BD171DE2EE6000DEAA6A /* Project object */;
			proxyType = 1;
			remoteGlobalIDString = 8837BD1E1DE2EE6000DEAA6A;
			remoteInfo = CarnetNotes;
		};
		8837BD411DE2EE6100DEAA6A /* PBXContainerItemProxy */ = {
			isa = PBXContainerItemProxy;
			containerPortal = 8837BD171DE2EE6000DEAA6A /* Project object */;
			proxyType = 1;
			remoteGlobalIDString = 8837BD1E1DE2EE6000DEAA6A;
			remoteInfo = CarnetNotes;
		};
/* End PBXContainerItemProxy section */

/* Begin PBXFileReference section */
		8837BD1F1DE2EE6000DEAA6A /* CarnetNotes.app */ = {isa = PBXFileReference; explicitFileType = wrapper.application; includeInIndex = 0; path = CarnetNotes.app; sourceTree = BUILT_PRODUCTS_DIR; };
		8837BD221DE2EE6000DEAA6A /* AppDelegate.swift */ = {isa = PBXFileReference; lastKnownFileType = sourcecode.swift; path = AppDelegate.swift; sourceTree = "<group>"; };
		8837BD291DE2EE6000DEAA6A /* Base */ = {isa = PBXFileReference; lastKnownFileType = file.storyboard; name = Base; path = Base.lproj/Main.storyboard; sourceTree = "<group>"; };
		8837BD2B1DE2EE6000DEAA6A /* Assets.xcassets */ = {isa = PBXFileReference; lastKnownFileType = folder.assetcatalog; path = Assets.xcassets; sourceTree = "<group>"; };
		8837BD2E1DE2EE6000DEAA6A /* Base */ = {isa = PBXFileReference; lastKnownFileType = file.storyboard; name = Base; path = Base.lproj/LaunchScreen.storyboard; sourceTree = "<group>"; };
		8837BD301DE2EE6000DEAA6A /* Info.plist */ = {isa = PBXFileReference; lastKnownFileType = text.plist.xml; path = Info.plist; sourceTree = "<group>"; };
		8837BD351DE2EE6100DEAA6A /* CarnetNotesTests.xctest */ = {isa = PBXFileReference; explicitFileType = wrapper.cfbundle; includeInIndex = 0; path = CarnetNotesTests.xctest; sourceTree = BUILT_PRODUCTS_DIR; };
		8837BD391DE2EE6100DEAA6A /* CarnetNotesTests.swift */ = {isa = PBXFileReference; lastKnownFileType = sourcecode.swift; path = CarnetNotesTests.swift; sourceTree = "<group>"; };
		8837BD3B1DE2EE6100DEAA6A /* Info.plist */ = {isa = PBXFileReference; lastKnownFileType = text.plist.xml; path = Info.plist; sourceTree = "<group>"; };
		8837BD401DE2EE6100DEAA6A /* CarnetNotesUITests.xctest */ = {isa = PBXFileReference; explicitFileType = wrapper.cfbundle; includeInIndex = 0; path = CarnetNotesUITests.xctest; sourceTree = BUILT_PRODUCTS_DIR; };
		8837BD441DE2EE6100DEAA6A /* CarnetNotesUITests.swift */ = {isa = PBXFileReference; lastKnownFileType = sourcecode.swift; path = CarnetNotesUITests.swift; sourceTree = "<group>"; };
		8837BD461DE2EE6100DEAA6A /* Info.plist */ = {isa = PBXFileReference; lastKnownFileType = text.plist.xml; path = Info.plist; sourceTree = "<group>"; };
		8837BD521DE2FF1D00DEAA6A /* AcademicsTableViewController.swift */ = {isa = PBXFileReference; fileEncoding = 4; lastKnownFileType = sourcecode.swift; path = AcademicsTableViewController.swift; sourceTree = "<group>"; };
		8837BD561DE305A000DEAA6A /* NewAcademicViewController.swift */ = {isa = PBXFileReference; fileEncoding = 4; lastKnownFileType = sourcecode.swift; path = NewAcademicViewController.swift; sourceTree = "<group>"; };
		8837BD6E1DE5498D00DEAA6A /* Academic.swift */ = {isa = PBXFileReference; fileEncoding = 4; lastKnownFileType = sourcecode.swift; path = Academic.swift; sourceTree = "<group>"; };
		8837BD761DE5543200DEAA6A /* TestsTableViewController.swift */ = {isa = PBXFileReference; fileEncoding = 4; lastKnownFileType = sourcecode.swift; path = TestsTableViewController.swift; sourceTree = "<group>"; };
		8837BD7A1DE5987000DEAA6A /* Test.swift */ = {isa = PBXFileReference; fileEncoding = 4; lastKnownFileType = sourcecode.swift; path = Test.swift; sourceTree = "<group>"; };
/* End PBXFileReference section */

/* Begin PBXFrameworksBuildPhase section */
		8837BD1C1DE2EE6000DEAA6A /* Frameworks */ = {
			isa = PBXFrameworksBuildPhase;
			buildActionMask = 2147483647;
			files = (
			);
			runOnlyForDeploymentPostprocessing = 0;
		};
		8837BD321DE2EE6100DEAA6A /* Frameworks */ = {
			isa = PBXFrameworksBuildPhase;
			buildActionMask = 2147483647;
			files = (
			);
			runOnlyForDeploymentPostprocessing = 0;
		};
		8837BD3D1DE2EE6100DEAA6A /* Frameworks */ = {
			isa = PBXFrameworksBuildPhase;
			buildActionMask = 2147483647;
			files = (
			);
			runOnlyForDeploymentPostprocessing = 0;
		};
/* End PBXFrameworksBuildPhase section */

/* Begin PBXGroup section */
		8837BD161DE2EE6000DEAA6A = {
			isa = PBXGroup;
			children = (
				8837BD211DE2EE6000DEAA6A /* CarnetNotes */,
				8837BD381DE2EE6100DEAA6A /* CarnetNotesTests */,
				8837BD431DE2EE6100DEAA6A /* CarnetNotesUITests */,
				8837BD201DE2EE6000DEAA6A /* Products */,
			);
			sourceTree = "<group>";
		};
		8837BD201DE2EE6000DEAA6A /* Products */ = {
			isa = PBXGroup;
			children = (
				8837BD1F1DE2EE6000DEAA6A /* CarnetNotes.app */,
				8837BD351DE2EE6100DEAA6A /* CarnetNotesTests.xctest */,
				8837BD401DE2EE6100DEAA6A /* CarnetNotesUITests.xctest */,
			);
			name = Products;
			sourceTree = "<group>";
		};
		8837BD211DE2EE6000DEAA6A /* CarnetNotes */ = {
			isa = PBXGroup;
			children = (
				8837BD221DE2EE6000DEAA6A /* AppDelegate.swift */,
				8837BD6E1DE5498D00DEAA6A /* Academic.swift */,
				8837BD7A1DE5987000DEAA6A /* Test.swift */,
				8837BD281DE2EE6000DEAA6A /* Main.storyboard */,
				8837BD2B1DE2EE6000DEAA6A /* Assets.xcassets */,
				8837BD2D1DE2EE6000DEAA6A /* LaunchScreen.storyboard */,
				8837BD301DE2EE6000DEAA6A /* Info.plist */,
				8837BD521DE2FF1D00DEAA6A /* AcademicsTableViewController.swift */,
				8837BD761DE5543200DEAA6A /* TestsTableViewController.swift */,
				8837BD561DE305A000DEAA6A /* NewAcademicViewController.swift */,
			);
			path = CarnetNotes;
			sourceTree = "<group>";
		};
		8837BD381DE2EE6100DEAA6A /* CarnetNotesTests */ = {
			isa = PBXGroup;
			children = (
				8837BD391DE2EE6100DEAA6A /* CarnetNotesTests.swift */,
				8837BD3B1DE2EE6100DEAA6A /* Info.plist */,
			);
			path = CarnetNotesTests;
			sourceTree = "<group>";
		};
		8837BD431DE2EE6100DEAA6A /* CarnetNotesUITests */ = {
			isa = PBXGroup;
			children = (
				8837BD441DE2EE6100DEAA6A /* CarnetNotesUITests.swift */,
				8837BD461DE2EE6100DEAA6A /* Info.plist */,
			);
			path = CarnetNotesUITests;
			sourceTree = "<group>";
		};
/* End PBXGroup section */

/* Begin PBXNativeTarget section */
		8837BD1E1DE2EE6000DEAA6A /* CarnetNotes */ = {
			isa = PBXNativeTarget;
			buildConfigurationList = 8837BD491DE2EE6100DEAA6A /* Build configuration list for PBXNativeTarget "CarnetNotes" */;
			buildPhases = (
				8837BD1B1DE2EE6000DEAA6A /* Sources */,
				8837BD1C1DE2EE6000DEAA6A /* Frameworks */,
				8837BD1D1DE2EE6000DEAA6A /* Resources */,
			);
			buildRules = (
			);
			dependencies = (
			);
			name = CarnetNotes;
			productName = CarnetNotes;
			productReference = 8837BD1F1DE2EE6000DEAA6A /* CarnetNotes.app */;
			productType = "com.apple.product-type.application";
		};
		8837BD341DE2EE6100DEAA6A /* CarnetNotesTests */ = {
			isa = PBXNativeTarget;
			buildConfigurationList = 8837BD4C1DE2EE6100DEAA6A /* Build configuration list for PBXNativeTarget "CarnetNotesTests" */;
			buildPhases = (
				8837BD311DE2EE6100DEAA6A /* Sources */,
				8837BD321DE2EE6100DEAA6A /* Frameworks */,
				8837BD331DE2EE6100DEAA6A /* Resources */,
			);
			buildRules = (
			);
			dependencies = (
				8837BD371DE2EE6100DEAA6A /* PBXTargetDependency */,
			);
			name = CarnetNotesTests;
			productName = CarnetNotesTests;
			productReference = 8837BD351DE2EE6100DEAA6A /* CarnetNotesTests.xctest */;
			productType = "com.apple.product-type.bundle.unit-test";
		};
		8837BD3F1DE2EE6100DEAA6A /* CarnetNotesUITests */ = {
			isa = PBXNativeTarget;
			buildConfigurationList = 8837BD4F1DE2EE6100DEAA6A /* Build configuration list for PBXNativeTarget "CarnetNotesUITests" */;
			buildPhases = (
				8837BD3C1DE2EE6100DEAA6A /* Sources */,
				8837BD3D1DE2EE6100DEAA6A /* Frameworks */,
				8837BD3E1DE2EE6100DEAA6A /* Resources */,
			);
			buildRules = (
			);
			dependencies = (
				8837BD421DE2EE6100DEAA6A /* PBXTargetDependency */,
			);
			name = CarnetNotesUITests;
			productName = CarnetNotesUITests;
			productReference = 8837BD401DE2EE6100DEAA6A /* CarnetNotesUITests.xctest */;
			productType = "com.apple.product-type.bundle.ui-testing";
		};
/* End PBXNativeTarget section */

/* Begin PBXProject section */
		8837BD171DE2EE6000DEAA6A /* Project object */ = {
			isa = PBXProject;
			attributes = {
				LastSwiftUpdateCheck = 0800;
				LastUpgradeCheck = 0800;
				ORGANIZATIONNAME = imac;
				TargetAttributes = {
					8837BD1E1DE2EE6000DEAA6A = {
						CreatedOnToolsVersion = 8.0;
						ProvisioningStyle = Automatic;
					};
					8837BD341DE2EE6100DEAA6A = {
						CreatedOnToolsVersion = 8.0;
						ProvisioningStyle = Automatic;
						TestTargetID = 8837BD1E1DE2EE6000DEAA6A;
					};
					8837BD3F1DE2EE6100DEAA6A = {
						CreatedOnToolsVersion = 8.0;
						ProvisioningStyle = Automatic;
						TestTargetID = 8837BD1E1DE2EE6000DEAA6A;
					};
				};
			};
			buildConfigurationList = 8837BD1A1DE2EE6000DEAA6A /* Build configuration list for PBXProject "CarnetNotes" */;
			compatibilityVersion = "Xcode 3.2";
			developmentRegion = English;
			hasScannedForEncodings = 0;
			knownRegions = (
				en,
				Base,
			);
			mainGroup = 8837BD161DE2EE6000DEAA6A;
			productRefGroup = 8837BD201DE2EE6000DEAA6A /* Products */;
			projectDirPath = "";
			projectRoot = "";
			targets = (
				8837BD1E1DE2EE6000DEAA6A /* CarnetNotes */,
				8837BD341DE2EE6100DEAA6A /* CarnetNotesTests */,
				8837BD3F1DE2EE6100DEAA6A /* CarnetNotesUITests */,
			);
		};
/* End PBXProject section */

/* Begin PBXResourcesBuildPhase section */
		8837BD1D1DE2EE6000DEAA6A /* Resources */ = {
			isa = PBXResourcesBuildPhase;
			buildActionMask = 2147483647;
			files = (
				8837BD2F1DE2EE6000DEAA6A /* LaunchScreen.storyboard in Resources */,
				8837BD2C1DE2EE6000DEAA6A /* Assets.xcassets in Resources */,
				8837BD2A1DE2EE6000DEAA6A /* Main.storyboard in Resources */,
			);
			runOnlyForDeploymentPostprocessing = 0;
		};
		8837BD331DE2EE6100DEAA6A /* Resources */ = {
			isa = PBXResourcesBuildPhase;
			buildActionMask = 2147483647;
			files = (
			);
			runOnlyForDeploymentPostprocessing = 0;
		};
		8837BD3E1DE2EE6100DEAA6A /* Resources */ = {
			isa = PBXResourcesBuildPhase;
			buildActionMask = 2147483647;
			files = (
			);
			runOnlyForDeploymentPostprocessing = 0;
		};
/* End PBXResourcesBuildPhase section */

/* Begin PBXSourcesBuildPhase section */
		8837BD1B1DE2EE6000DEAA6A /* Sources */ = {
			isa = PBXSourcesBuildPhase;
			buildActionMask = 2147483647;
			files = (
				8837BD6F1DE5498D00DEAA6A /* Academic.swift in Sources */,
				8837BD531DE2FF1D00DEAA6A /* AcademicsTableViewController.swift in Sources */,
				8837BD571DE305A000DEAA6A /* NewAcademicViewController.swift in Sources */,
				8837BD231DE2EE6000DEAA6A /* AppDelegate.swift in Sources */,
				8837BD771DE5543200DEAA6A /* TestsTableViewController.swift in Sources */,
				8837BD7B1DE5987000DEAA6A /* Test.swift in Sources */,
			);
			runOnlyForDeploymentPostprocessing = 0;
		};
		8837BD311DE2EE6100DEAA6A /* Sources */ = {
			isa = PBXSourcesBuildPhase;
			buildActionMask = 2147483647;
			files = (
				8837BD701DE5498D00DEAA6A /* Academic.swift in Sources */,
				8837BD541DE2FF1D00DEAA6A /* AcademicsTableViewController.swift in Sources */,
				8837BD581DE305A000DEAA6A /* NewAcademicViewController.swift in Sources */,
				8837BD3A1DE2EE6100DEAA6A /* CarnetNotesTests.swift in Sources */,
				8837BD781DE5543200DEAA6A /* TestsTableViewController.swift in Sources */,
				8837BD7C1DE5987000DEAA6A /* Test.swift in Sources */,
			);
			runOnlyForDeploymentPostprocessing = 0;
		};
		8837BD3C1DE2EE6100DEAA6A /* Sources */ = {
			isa = PBXSourcesBuildPhase;
			buildActionMask = 2147483647;
			files = (
				8837BD711DE5498D00DEAA6A /* Academic.swift in Sources */,
				8837BD551DE2FF1D00DEAA6A /* AcademicsTableViewController.swift in Sources */,
				8837BD591DE305A000DEAA6A /* NewAcademicViewController.swift in Sources */,
				8837BD451DE2EE6100DEAA6A /* CarnetNotesUITests.swift in Sources */,
				8837BD791DE5543200DEAA6A /* TestsTableViewController.swift in Sources */,
				8837BD7D1DE5987000DEAA6A /* Test.swift in Sources */,
			);
			runOnlyForDeploymentPostprocessing = 0;
		};
/* End PBXSourcesBuildPhase section */

/* Begin PBXTargetDependency section */
		8837BD371DE2EE6100DEAA6A /* PBXTargetDependency */ = {
			isa = PBXTargetDependency;
			target = 8837BD1E1DE2EE6000DEAA6A /* CarnetNotes */;
			targetProxy = 8837BD361DE2EE6100DEAA6A /* PBXContainerItemProxy */;
		};
		8837BD421DE2EE6100DEAA6A /* PBXTargetDependency */ = {
			isa = PBXTargetDependency;
			target = 8837BD1E1DE2EE6000DEAA6A /* CarnetNotes */;
			targetProxy = 8837BD411DE2EE6100DEAA6A /* PBXContainerItemProxy */;
		};
/* End PBXTargetDependency section */

/* Begin PBXVariantGroup section */
		8837BD281DE2EE6000DEAA6A /* Main.storyboard */ = {
			isa = PBXVariantGroup;
			children = (
				8837BD291DE2EE6000DEAA6A /* Base */,
			);
			name = Main.storyboard;
			sourceTree = "<group>";
		};
		8837BD2D1DE2EE6000DEAA6A /* LaunchScreen.storyboard */ = {
			isa = PBXVariantGroup;
			children = (
				8837BD2E1DE2EE6000DEAA6A /* Base */,
			);
			name = LaunchScreen.storyboard;
			sourceTree = "<group>";
		};
/* End PBXVariantGroup section */

/* Begin XCBuildConfiguration section */
		8837BD471DE2EE6100DEAA6A /* Debug */ = {
			isa = XCBuildConfiguration;
			buildSettings = {
				ALWAYS_SEARCH_USER_PATHS = NO;
				CLANG_ANALYZER_NONNULL = YES;
				CLANG_CXX_LANGUAGE_STANDARD = "gnu++0x";
				CLANG_CXX_LIBRARY = "libc++";
				CLANG_ENABLE_MODULES = YES;
				CLANG_ENABLE_OBJC_ARC = YES;
				CLANG_WARN_BOOL_CONVERSION = YES;
				CLANG_WARN_CONSTANT_CONVERSION = YES;
				CLANG_WARN_DIRECT_OBJC_ISA_USAGE = YES_ERROR;
				CLANG_WARN_DOCUMENTATION_COMMENTS = YES;
				CLANG_WARN_EMPTY_BODY = YES;
				CLANG_WARN_ENUM_CONVERSION = YES;
				CLANG_WARN_INFINITE_RECURSION = YES;
				CLANG_WARN_INT_CONVERSION = YES;
				CLANG_WARN_OBJC_ROOT_CLASS = YES_ERROR;
				CLANG_WARN_SUSPICIOUS_MOVES = YES;
				CLANG_WARN_UNREACHABLE_CODE = YES;
				CLANG_WARN__DUPLICATE_METHOD_MATCH = YES;
				"CODE_SIGN_IDENTITY[sdk=iphoneos*]" = "iPhone Developer";
				COPY_PHASE_STRIP = NO;
				DEBUG_INFORMATION_FORMAT = dwarf;
				ENABLE_STRICT_OBJC_MSGSEND = YES;
				ENABLE_TESTABILITY = YES;
				GCC_C_LANGUAGE_STANDARD = gnu99;
				GCC_DYNAMIC_NO_PIC = NO;
				GCC_NO_COMMON_BLOCKS = YES;
				GCC_OPTIMIZATION_LEVEL = 0;
				GCC_PREPROCESSOR_DEFINITIONS = (
					"DEBUG=1",
					"$(inherited)",
				);
				GCC_WARN_64_TO_32_BIT_CONVERSION = YES;
				GCC_WARN_ABOUT_RETURN_TYPE = YES_ERROR;
				GCC_WARN_UNDECLARED_SELECTOR = YES;
				GCC_WARN_UNINITIALIZED_AUTOS = YES_AGGRESSIVE;
				GCC_WARN_UNUSED_FUNCTION = YES;
				GCC_WARN_UNUSED_VARIABLE = YES;
				IPHONEOS_DEPLOYMENT_TARGET = 10.0;
				MTL_ENABLE_DEBUG_INFO = YES;
				ONLY_ACTIVE_ARCH = YES;
				SDKROOT = iphoneos;
				SWIFT_ACTIVE_COMPILATION_CONDITIONS = DEBUG;
				SWIFT_OPTIMIZATION_LEVEL = "-Onone";
				TARGETED_DEVICE_FAMILY = "1,2";
			};
			name = Debug;
		};
		8837BD481DE2EE6100DEAA6A /* Release */ = {
			isa = XCBuildConfiguration;
			buildSettings = {
				ALWAYS_SEARCH_USER_PATHS = NO;
				CLANG_ANALYZER_NONNULL = YES;
				CLANG_CXX_LANGUAGE_STANDARD = "gnu++0x";
				CLANG_CXX_LIBRARY = "libc++";
				CLANG_ENABLE_MODULES = YES;
				CLANG_ENABLE_OBJC_ARC = YES;
				CLANG_WARN_BOOL_CONVERSION = YES;
				CLANG_WARN_CONSTANT_CONVERSION = YES;
				CLANG_WARN_DIRECT_OBJC_ISA_USAGE = YES_ERROR;
				CLANG_WARN_DOCUMENTATION_COMMENTS = YES;
				CLANG_WARN_EMPTY_BODY = YES;
				CLANG_WARN_ENUM_CONVERSION = YES;
				CLANG_WARN_INFINITE_RECURSION = YES;
				CLANG_WARN_INT_CONVERSION = YES;
				CLANG_WARN_OBJC_ROOT_CLASS = YES_ERROR;
				CLANG_WARN_SUSPICIOUS_MOVES = YES;
				CLANG_WARN_UNREACHABLE_CODE = YES;
				CLANG_WARN__DUPLICATE_METHOD_MATCH = YES;
				"CODE_SIGN_IDENTITY[sdk=iphoneos*]" = "iPhone Developer";
				COPY_PHASE_STRIP = NO;
				DEBUG_INFORMATION_FORMAT = "dwarf-with-dsym";
				ENABLE_NS_ASSERTIONS = NO;
				ENABLE_STRICT_OBJC_MSGSEND = YES;
				GCC_C_LANGUAGE_STANDARD = gnu99;
				GCC_NO_COMMON_BLOCKS = YES;
				GCC_WARN_64_TO_32_BIT_CONVERSION = YES;
				GCC_WARN_ABOUT_RETURN_TYPE = YES_ERROR;
				GCC_WARN_UNDECLARED_SELECTOR = YES;
				GCC_WARN_UNINITIALIZED_AUTOS = YES_AGGRESSIVE;
				GCC_WARN_UNUSED_FUNCTION = YES;
				GCC_WARN_UNUSED_VARIABLE = YES;
				IPHONEOS_DEPLOYMENT_TARGET = 10.0;
				MTL_ENABLE_DEBUG_INFO = NO;
				SDKROOT = iphoneos;
				SWIFT_OPTIMIZATION_LEVEL = "-Owholemodule";
				TARGETED_DEVICE_FAMILY = "1,2";
				VALIDATE_PRODUCT = YES;
			};
			name = Release;
		};
		8837BD4A1DE2EE6100DEAA6A /* Debug */ = {
			isa = XCBuildConfiguration;
			buildSettings = {
				ASSETCATALOG_COMPILER_APPICON_NAME = AppIcon;
				INFOPLIST_FILE = CarnetNotes/Info.plist;
				LD_RUNPATH_SEARCH_PATHS = "$(inherited) @executable_path/Frameworks";
				PRODUCT_BUNDLE_IDENTIFIER = com.wallinov.CarnetNotes;
				PRODUCT_NAME = "$(TARGET_NAME)";
				SWIFT_VERSION = 3.0;
			};
			name = Debug;
		};
		8837BD4B1DE2EE6100DEAA6A /* Release */ = {
			isa = XCBuildConfiguration;
			buildSettings = {
				ASSETCATALOG_COMPILER_APPICON_NAME = AppIcon;
				INFOPLIST_FILE = CarnetNotes/Info.plist;
				LD_RUNPATH_SEARCH_PATHS = "$(inherited) @executable_path/Frameworks";
				PRODUCT_BUNDLE_IDENTIFIER = com.wallinov.CarnetNotes;
				PRODUCT_NAME = "$(TARGET_NAME)";
				SWIFT_VERSION = 3.0;
			};
			name = Release;
		};
		8837BD4D1DE2EE6100DEAA6A /* Debug */ = {
			isa = XCBuildConfiguration;
			buildSettings = {
				ALWAYS_EMBED_SWIFT_STANDARD_LIBRARIES = YES;
				BUNDLE_LOADER = "$(TEST_HOST)";
				INFOPLIST_FILE = CarnetNotesTests/Info.plist;
				LD_RUNPATH_SEARCH_PATHS = "$(inherited) @executable_path/Frameworks @loader_path/Frameworks";
				PRODUCT_BUNDLE_IDENTIFIER = com.wallinov.CarnetNotesTests;
				PRODUCT_NAME = "$(TARGET_NAME)";
				SWIFT_VERSION = 3.0;
				TEST_HOST = "$(BUILT_PRODUCTS_DIR)/CarnetNotes.app/CarnetNotes";
			};
			name = Debug;
		};
		8837BD4E1DE2EE6100DEAA6A /* Release */ = {
			isa = XCBuildConfiguration;
			buildSettings = {
				ALWAYS_EMBED_SWIFT_STANDARD_LIBRARIES = YES;
				BUNDLE_LOADER = "$(TEST_HOST)";
				INFOPLIST_FILE = CarnetNotesTests/Info.plist;
				LD_RUNPATH_SEARCH_PATHS = "$(inherited) @executable_path/Frameworks @loader_path/Frameworks";
				PRODUCT_BUNDLE_IDENTIFIER = com.wallinov.CarnetNotesTests;
				PRODUCT_NAME = "$(TARGET_NAME)";
				SWIFT_VERSION = 3.0;
				TEST_HOST = "$(BUILT_PRODUCTS_DIR)/CarnetNotes.app/CarnetNotes";
			};
			name = Release;
		};
		8837BD501DE2EE6100DEAA6A /* Debug */ = {
			isa = XCBuildConfiguration;
			buildSettings = {
				ALWAYS_EMBED_SWIFT_STANDARD_LIBRARIES = YES;
				INFOPLIST_FILE = CarnetNotesUITests/Info.plist;
				LD_RUNPATH_SEARCH_PATHS = "$(inherited) @executable_path/Frameworks @loader_path/Frameworks";
				PRODUCT_BUNDLE_IDENTIFIER = com.wallinov.CarnetNotesUITests;
				PRODUCT_NAME = "$(TARGET_NAME)";
				SWIFT_VERSION = 3.0;
				TEST_TARGET_NAME = CarnetNotes;
			};
			name = Debug;
		};
		8837BD511DE2EE6100DEAA6A /* Release */ = {
			isa = XCBuildConfiguration;
			buildSettings = {
				ALWAYS_EMBED_SWIFT_STANDARD_LIBRARIES = YES;
				INFOPLIST_FILE = CarnetNotesUITests/Info.plist;
				LD_RUNPATH_SEARCH_PATHS = "$(inherited) @executable_path/Frameworks @loader_path/Frameworks";
				PRODUCT_BUNDLE_IDENTIFIER = com.wallinov.CarnetNotesUITests;
				PRODUCT_NAME = "$(TARGET_NAME)";
				SWIFT_VERSION = 3.0;
				TEST_TARGET_NAME = CarnetNotes;
			};
			name = Release;
		};
/* End XCBuildConfiguration section */

/* Begin XCConfigurationList section */
		8837BD1A1DE2EE6000DEAA6A /* Build configuration list for PBXProject "CarnetNotes" */ = {
			isa = XCConfigurationList;
			buildConfigurations = (
				8837BD471DE2EE6100DEAA6A /* Debug */,
				8837BD481DE2EE6100DEAA6A /* Release */,
			);
			defaultConfigurationIsVisible = 0;
			defaultConfigurationName = Release;
		};
		8837BD491DE2EE6100DEAA6A /* Build configuration list for PBXNativeTarget "CarnetNotes" */ = {
			isa = XCConfigurationList;
			buildConfigurations = (
				8837BD4A1DE2EE6100DEAA6A /* Debug */,
				8837BD4B1DE2EE6100DEAA6A /* Release */,
			);
			defaultConfigurationIsVisible = 0;
		};
		8837BD4C1DE2EE6100DEAA6A /* Build configuration list for PBXNativeTarget "CarnetNotesTests" */ = {
			isa = XCConfigurationList;
			buildConfigurations = (
				8837BD4D1DE2EE6100DEAA6A /* Debug */,
				8837BD4E1DE2EE6100DEAA6A /* Release */,
			);
			defaultConfigurationIsVisible = 0;
		};
		8837BD4F1DE2EE6100DEAA6A /* Build configuration list for PBXNativeTarget "CarnetNotesUITests" */ = {
			isa = XCConfigurationList;
			buildConfigurations = (
				8837BD501DE2EE6100DEAA6A /* Debug */,
				8837BD511DE2EE6100DEAA6A /* Release */,
			);
			defaultConfigurationIsVisible = 0;
		};
/* End XCConfigurationList section */
	};
	rootObject = 8837BD171DE2EE6000DEAA6A /* Project object */;
}
